
Microsoft Visual Studio Solution File, Format Version 12.00
# Visual Studio 14
VisualStudioVersion = 14.0.23107.0
MinimumVisualStudioVersion = 10.0.40219.1
Project("{FAE04EC0-301F-11D3-BF4B-00C04F79EFBC}") = "DBEngine", "DBEngine\DBEngine.csproj", "{9F039B4C-22C7-488B-9E2F-B7224CC46A2D}"
EndProject
Project("{FAE04EC0-301F-11D3-BF4B-00C04F79EFBC}") = "DBElement", "DBElement\DBElement.csproj", "{1D9FDB3E-8C03-493F-8D76-0443B298E854}"
EndProject
Project("{FAE04EC0-301F-11D3-BF4B-00C04F79EFBC}") = "Display", "Display\Display.csproj", "{84FEC583-D643-4465-ADA0-C34C9BF8C624}"
EndProject
Project("{FAE04EC0-301F-11D3-BF4B-00C04F79EFBC}") = "DBExtensions", "DBExtensions\DBExtensions.csproj", "{A6ECC225-6634-474E-97F6-54FB2F758C99}"
EndProject
Project("{FAE04EC0-301F-11D3-BF4B-00C04F79EFBC}") = "DBElementTest", "DBElementTest\DBElementTest.csproj", "{366A04BA-32C8-4BD0-A69A-643FB005164E}"
EndProject
Project("{FAE04EC0-301F-11D3-BF4B-00C04F79EFBC}") = "DBEngineTest", "DBEngineTest\DBEngineTest.csproj", "{B7C08B4F-0FE5-438A-8D5D-E68A8CCABFFF}"
EndProject
Project("{FAE04EC0-301F-11D3-BF4B-00C04F79EFBC}") = "ExceptionLayer", "Exception\ExceptionLayer.csproj", "{B720B560-FC46-46C3-8E1A-C78D431CD081}"
EndProject
Project("{FAE04EC0-301F-11D3-BF4B-00C04F79EFBC}") = "ItemEditor", "ItemEditor\ItemEditor.csproj", "{5184EFA0-B150-4246-A051-EE426C58D01D}"
EndProject
Project("{FAE04EC0-301F-11D3-BF4B-00C04F79EFBC}") = "ItemFactory", "ItemFactory\ItemFactory.csproj", "{82E626C5-01C4-4DF7-B419-7B4F67844731}"
EndProject
Project("{FAE04EC0-301F-11D3-BF4B-00C04F79EFBC}") = "Utility", "XMLUtility\Utility.csproj", "{C6059862-5247-4C2B-A7EA-78AD05B68EAF}"
EndProject
Project("{FAE04EC0-301F-11D3-BF4B-00C04F79EFBC}") = "DBFactory", "DBFactory\DBFactory.csproj", "{CB7D5828-EE6A-48F3-8518-87FE19380EE8}"
EndProject
Project("{FAE04EC0-301F-11D3-BF4B-00C04F79EFBC}") = "Scheduler", "Scheduler\Scheduler.csproj", "{850EE0BD-0B38-4B00-BE57-CFD8BBF0C03E}"
EndProject
Project("{FAE04EC0-301F-11D3-BF4B-00C04F79EFBC}") = "DBExtensionsTest", "DBExtensionsTest\DBExtensionsTest.csproj", "{A5BE61CA-F32C-48E3-8919-E3D010D8C502}"
EndProject
Project("{FAE04EC0-301F-11D3-BF4B-00C04F79EFBC}") = "DisplayTest", "DisplayTest\DisplayTest.csproj", "{CB9112B9-FC0B-49DB-A23A-9DD216D0C300}"
EndProject
Project("{FAE04EC0-301F-11D3-BF4B-00C04F79EFBC}") = "QueryEngine", "QueryEngine\QueryEngine.csproj", "{12A4EE06-0B48-416B-A5E5-75F978D1B162}"
EndProject
Project("{FAE04EC0-301F-11D3-BF4B-00C04F79EFBC}") = "QueryEngineTest", "QueryEngineTest\QueryEngineTest.csproj", "{D4DC748F-5228-4A38-9D92-A7A93FD58A13}"
EndProject
Project("{FAE04EC0-301F-11D3-BF4B-00C04F79EFBC}") = "UtilityClassTest", "UtilityClassTest\UtilityClassTest.csproj", "{F81849B4-0385-4AD6-ACD7-82771FBC843E}"
EndProject
Project("{FAE04EC0-301F-11D3-BF4B-00C04F79EFBC}") = "Sender", "Sender\Sender.csproj", "{157B8945-CF60-4622-8000-0A8111E6DB84}"
EndProject
Project("{FAE04EC0-301F-11D3-BF4B-00C04F79EFBC}") = "Receiver", "Receiver\Receiver.csproj", "{DF19B5C4-6901-40DB-B8E2-66AB614C92D6}"
EndProject
Project("{FAE04EC0-301F-11D3-BF4B-00C04F79EFBC}") = "CommService", "CommService\CommService.csproj", "{F4EA3343-94FD-4AAA-9FD2-9EDFDBCBEA82}"
EndProject
Project("{FAE04EC0-301F-11D3-BF4B-00C04F79EFBC}") = "ICommService", "ICommService\ICommService.csproj", "{E70DB46A-48EB-4CC2-A8CA-FB5F5EE5E868}"
EndProject
Project("{FAE04EC0-301F-11D3-BF4B-00C04F79EFBC}") = "Server", "Server\Server.csproj", "{5556846A-5E82-4165-8606-3B18D7FB70B7}"
EndProject
Project("{FAE04EC0-301F-11D3-BF4B-00C04F79EFBC}") = "BlockingQueue", "BlockingQueue\BlockingQueue.csproj", "{76074EF7-8D70-4951-A89D-53BF55477CDF}"
EndProject
Project("{FAE04EC0-301F-11D3-BF4B-00C04F79EFBC}") = "WriterClientConsole", "WriterClient\WriterClientConsole.csproj", "{7C941E58-6A66-4748-B269-7E2116F0FB73}"
EndProject
Project("{FAE04EC0-301F-11D3-BF4B-00C04F79EFBC}") = "ReadClientConsole", "ReadClient\ReadClientConsole.csproj", "{FC341354-C10B-4CBF-B7EB-F7075A8BEDEB}"
EndProject
Project("{FAE04EC0-301F-11D3-BF4B-00C04F79EFBC}") = "RequestHandler", "RequestHandler\RequestHandler.csproj", "{82E16B27-0174-499B-BFEB-169FE687EFA2}"
EndProject
Project("{FAE04EC0-301F-11D3-BF4B-00C04F79EFBC}") = "BasicRequirementTest", "BasicRequirementTest\BasicRequirementTest.csproj", "{57E35752-C175-43A8-9A60-87DAA43A0090}"
EndProject
Project("{FAE04EC0-301F-11D3-BF4B-00C04F79EFBC}") = "TestExec", "TestExec\TestExec.csproj", "{DEF1C3F9-A682-4788-9F72-72E2F9C67409}"
EndProject
Project("{FAE04EC0-301F-11D3-BF4B-00C04F79EFBC}") = "WPFPerformanceClient", "WPFWriterClient\WPFPerformanceClient.csproj", "{286DE5F9-F839-4D4E-9CFF-59745B1B8F9F}"
EndProject
Global
	GlobalSection(SolutionConfigurationPlatforms) = preSolution
		Debug|Any CPU = Debug|Any CPU
		Debug|x64 = Debug|x64
		Debug|x86 = Debug|x86
		Release|Any CPU = Release|Any CPU
		Release|x64 = Release|x64
		Release|x86 = Release|x86
	EndGlobalSection
	GlobalSection(ProjectConfigurationPlatforms) = postSolution
		{9F039B4C-22C7-488B-9E2F-B7224CC46A2D}.Debug|Any CPU.ActiveCfg = Debug|Any CPU
		{9F039B4C-22C7-488B-9E2F-B7224CC46A2D}.Debug|Any CPU.Build.0 = Debug|Any CPU
		{9F039B4C-22C7-488B-9E2F-B7224CC46A2D}.Debug|x64.ActiveCfg = Debug|Any CPU
		{9F039B4C-22C7-488B-9E2F-B7224CC46A2D}.Debug|x64.Build.0 = Debug|Any CPU
		{9F039B4C-22C7-488B-9E2F-B7224CC46A2D}.Debug|x86.ActiveCfg = Debug|Any CPU
		{9F039B4C-22C7-488B-9E2F-B7224CC46A2D}.Debug|x86.Build.0 = Debug|Any CPU
		{9F039B4C-22C7-488B-9E2F-B7224CC46A2D}.Release|Any CPU.ActiveCfg = Release|Any CPU
		{9F039B4C-22C7-488B-9E2F-B7224CC46A2D}.Release|Any CPU.Build.0 = Release|Any CPU
		{9F039B4C-22C7-488B-9E2F-B7224CC46A2D}.Release|x64.ActiveCfg = Release|Any CPU
		{9F039B4C-22C7-488B-9E2F-B7224CC46A2D}.Release|x64.Build.0 = Release|Any CPU
		{9F039B4C-22C7-488B-9E2F-B7224CC46A2D}.Release|x86.ActiveCfg = Release|Any CPU
		{9F039B4C-22C7-488B-9E2F-B7224CC46A2D}.Release|x86.Build.0 = Release|Any CPU
		{1D9FDB3E-8C03-493F-8D76-0443B298E854}.Debug|Any CPU.ActiveCfg = Debug|Any CPU
		{1D9FDB3E-8C03-493F-8D76-0443B298E854}.Debug|Any CPU.Build.0 = Debug|Any CPU
		{1D9FDB3E-8C03-493F-8D76-0443B298E854}.Debug|x64.ActiveCfg = Debug|Any CPU
		{1D9FDB3E-8C03-493F-8D76-0443B298E854}.Debug|x64.Build.0 = Debug|Any CPU
		{1D9FDB3E-8C03-493F-8D76-0443B298E854}.Debug|x86.ActiveCfg = Debug|Any CPU
		{1D9FDB3E-8C03-493F-8D76-0443B298E854}.Debug|x86.Build.0 = Debug|Any CPU
		{1D9FDB3E-8C03-493F-8D76-0443B298E854}.Release|Any CPU.ActiveCfg = Release|Any CPU
		{1D9FDB3E-8C03-493F-8D76-0443B298E854}.Release|Any CPU.Build.0 = Release|Any CPU
		{1D9FDB3E-8C03-493F-8D76-0443B298E854}.Release|x64.ActiveCfg = Release|Any CPU
		{1D9FDB3E-8C03-493F-8D76-0443B298E854}.Release|x64.Build.0 = Release|Any CPU
		{1D9FDB3E-8C03-493F-8D76-0443B298E854}.Release|x86.ActiveCfg = Release|Any CPU
		{1D9FDB3E-8C03-493F-8D76-0443B298E854}.Release|x86.Build.0 = Release|Any CPU
		{84FEC583-D643-4465-ADA0-C34C9BF8C624}.Debug|Any CPU.ActiveCfg = Debug|Any CPU
		{84FEC583-D643-4465-ADA0-C34C9BF8C624}.Debug|Any CPU.Build.0 = Debug|Any CPU
		{84FEC583-D643-4465-ADA0-C34C9BF8C624}.Debug|x64.ActiveCfg = Debug|Any CPU
		{84FEC583-D643-4465-ADA0-C34C9BF8C624}.Debug|x64.Build.0 = Debug|Any CPU
		{84FEC583-D643-4465-ADA0-C34C9BF8C624}.Debug|x86.ActiveCfg = Debug|Any CPU
		{84FEC583-D643-4465-ADA0-C34C9BF8C624}.Debug|x86.Build.0 = Debug|Any CPU
		{84FEC583-D643-4465-ADA0-C34C9BF8C624}.Release|Any CPU.ActiveCfg = Release|Any CPU
		{84FEC583-D643-4465-ADA0-C34C9BF8C624}.Release|Any CPU.Build.0 = Release|Any CPU
		{84FEC583-D643-4465-ADA0-C34C9BF8C624}.Release|x64.ActiveCfg = Release|Any CPU
		{84FEC583-D643-4465-ADA0-C34C9BF8C624}.Release|x64.Build.0 = Release|Any CPU
		{84FEC583-D643-4465-ADA0-C34C9BF8C624}.Release|x86.ActiveCfg = Release|Any CPU
		{84FEC583-D643-4465-ADA0-C34C9BF8C624}.Release|x86.Build.0 = Release|Any CPU
		{A6ECC225-6634-474E-97F6-54FB2F758C99}.Debug|Any CPU.ActiveCfg = Debug|Any CPU
		{A6ECC225-6634-474E-97F6-54FB2F758C99}.Debug|Any CPU.Build.0 = Debug|Any CPU
		{A6ECC225-6634-474E-97F6-54FB2F758C99}.Debug|x64.ActiveCfg = Debug|Any CPU
		{A6ECC225-6634-474E-97F6-54FB2F758C99}.Debug|x64.Build.0 = Debug|Any CPU
		{A6ECC225-6634-474E-97F6-54FB2F758C99}.Debug|x86.ActiveCfg = Debug|Any CPU
		{A6ECC225-6634-474E-97F6-54FB2F758C99}.Debug|x86.Build.0 = Debug|Any CPU
		{A6ECC225-6634-474E-97F6-54FB2F758C99}.Release|Any CPU.ActiveCfg = Release|Any CPU
		{A6ECC225-6634-474E-97F6-54FB2F758C99}.Release|Any CPU.Build.0 = Release|Any CPU
		{A6ECC225-6634-474E-97F6-54FB2F758C99}.Release|x64.ActiveCfg = Release|Any CPU
		{A6ECC225-6634-474E-97F6-54FB2F758C99}.Release|x64.Build.0 = Release|Any CPU
		{A6ECC225-6634-474E-97F6-54FB2F758C99}.Release|x86.ActiveCfg = Release|Any CPU
		{A6ECC225-6634-474E-97F6-54FB2F758C99}.Release|x86.Build.0 = Release|Any CPU
		{366A04BA-32C8-4BD0-A69A-643FB005164E}.Debug|Any CPU.ActiveCfg = Debug|Any CPU
		{366A04BA-32C8-4BD0-A69A-643FB005164E}.Debug|Any CPU.Build.0 = Debug|Any CPU
		{366A04BA-32C8-4BD0-A69A-643FB005164E}.Debug|x64.ActiveCfg = Debug|Any CPU
		{366A04BA-32C8-4BD0-A69A-643FB005164E}.Debug|x64.Build.0 = Debug|Any CPU
		{366A04BA-32C8-4BD0-A69A-643FB005164E}.Debug|x86.ActiveCfg = Debug|Any CPU
		{366A04BA-32C8-4BD0-A69A-643FB005164E}.Debug|x86.Build.0 = Debug|Any CPU
		{366A04BA-32C8-4BD0-A69A-643FB005164E}.Release|Any CPU.ActiveCfg = Release|Any CPU
		{366A04BA-32C8-4BD0-A69A-643FB005164E}.Release|Any CPU.Build.0 = Release|Any CPU
		{366A04BA-32C8-4BD0-A69A-643FB005164E}.Release|x64.ActiveCfg = Release|Any CPU
		{366A04BA-32C8-4BD0-A69A-643FB005164E}.Release|x64.Build.0 = Release|Any CPU
		{366A04BA-32C8-4BD0-A69A-643FB005164E}.Release|x86.ActiveCfg = Release|Any CPU
		{366A04BA-32C8-4BD0-A69A-643FB005164E}.Release|x86.Build.0 = Release|Any CPU
		{B7C08B4F-0FE5-438A-8D5D-E68A8CCABFFF}.Debug|Any CPU.ActiveCfg = Debug|Any CPU
		{B7C08B4F-0FE5-438A-8D5D-E68A8CCABFFF}.Debug|Any CPU.Build.0 = Debug|Any CPU
		{B7C08B4F-0FE5-438A-8D5D-E68A8CCABFFF}.Debug|x64.ActiveCfg = Debug|Any CPU
		{B7C08B4F-0FE5-438A-8D5D-E68A8CCABFFF}.Debug|x64.Build.0 = Debug|Any CPU
		{B7C08B4F-0FE5-438A-8D5D-E68A8CCABFFF}.Debug|x86.ActiveCfg = Debug|Any CPU
		{B7C08B4F-0FE5-438A-8D5D-E68A8CCABFFF}.Debug|x86.Build.0 = Debug|Any CPU
		{B7C08B4F-0FE5-438A-8D5D-E68A8CCABFFF}.Release|Any CPU.ActiveCfg = Release|Any CPU
		{B7C08B4F-0FE5-438A-8D5D-E68A8CCABFFF}.Release|Any CPU.Build.0 = Release|Any CPU
		{B7C08B4F-0FE5-438A-8D5D-E68A8CCABFFF}.Release|x64.ActiveCfg = Release|Any CPU
		{B7C08B4F-0FE5-438A-8D5D-E68A8CCABFFF}.Release|x64.Build.0 = Release|Any CPU
		{B7C08B4F-0FE5-438A-8D5D-E68A8CCABFFF}.Release|x86.ActiveCfg = Release|Any CPU
		{B7C08B4F-0FE5-438A-8D5D-E68A8CCABFFF}.Release|x86.Build.0 = Release|Any CPU
		{B720B560-FC46-46C3-8E1A-C78D431CD081}.Debug|Any CPU.ActiveCfg = Debug|Any CPU
		{B720B560-FC46-46C3-8E1A-C78D431CD081}.Debug|Any CPU.Build.0 = Debug|Any CPU
		{B720B560-FC46-46C3-8E1A-C78D431CD081}.Debug|x64.ActiveCfg = Debug|Any CPU
		{B720B560-FC46-46C3-8E1A-C78D431CD081}.Debug|x64.Build.0 = Debug|Any CPU
		{B720B560-FC46-46C3-8E1A-C78D431CD081}.Debug|x86.ActiveCfg = Debug|Any CPU
		{B720B560-FC46-46C3-8E1A-C78D431CD081}.Debug|x86.Build.0 = Debug|Any CPU
		{B720B560-FC46-46C3-8E1A-C78D431CD081}.Release|Any CPU.ActiveCfg = Release|Any CPU
		{B720B560-FC46-46C3-8E1A-C78D431CD081}.Release|Any CPU.Build.0 = Release|Any CPU
		{B720B560-FC46-46C3-8E1A-C78D431CD081}.Release|x64.ActiveCfg = Release|Any CPU
		{B720B560-FC46-46C3-8E1A-C78D431CD081}.Release|x64.Build.0 = Release|Any CPU
		{B720B560-FC46-46C3-8E1A-C78D431CD081}.Release|x86.ActiveCfg = Release|Any CPU
		{B720B560-FC46-46C3-8E1A-C78D431CD081}.Release|x86.Build.0 = Release|Any CPU
		{5184EFA0-B150-4246-A051-EE426C58D01D}.Debug|Any CPU.ActiveCfg = Debug|Any CPU
		{5184EFA0-B150-4246-A051-EE426C58D01D}.Debug|Any CPU.Build.0 = Debug|Any CPU
		{5184EFA0-B150-4246-A051-EE426C58D01D}.Debug|x64.ActiveCfg = Debug|Any CPU
		{5184EFA0-B150-4246-A051-EE426C58D01D}.Debug|x64.Build.0 = Debug|Any CPU
		{5184EFA0-B150-4246-A051-EE426C58D01D}.Debug|x86.ActiveCfg = Debug|Any CPU
		{5184EFA0-B150-4246-A051-EE426C58D01D}.Debug|x86.Build.0 = Debug|Any CPU
		{5184EFA0-B150-4246-A051-EE426C58D01D}.Release|Any CPU.ActiveCfg = Release|Any CPU
		{5184EFA0-B150-4246-A051-EE426C58D01D}.Release|Any CPU.Build.0 = Release|Any CPU
		{5184EFA0-B150-4246-A051-EE426C58D01D}.Release|x64.ActiveCfg = Release|Any CPU
		{5184EFA0-B150-4246-A051-EE426C58D01D}.Release|x64.Build.0 = Release|Any CPU
		{5184EFA0-B150-4246-A051-EE426C58D01D}.Release|x86.ActiveCfg = Release|Any CPU
		{5184EFA0-B150-4246-A051-EE426C58D01D}.Release|x86.Build.0 = Release|Any CPU
		{82E626C5-01C4-4DF7-B419-7B4F67844731}.Debug|Any CPU.ActiveCfg = Debug|Any CPU
		{82E626C5-01C4-4DF7-B419-7B4F67844731}.Debug|Any CPU.Build.0 = Debug|Any CPU
		{82E626C5-01C4-4DF7-B419-7B4F67844731}.Debug|x64.ActiveCfg = Debug|Any CPU
		{82E626C5-01C4-4DF7-B419-7B4F67844731}.Debug|x64.Build.0 = Debug|Any CPU
		{82E626C5-01C4-4DF7-B419-7B4F67844731}.Debug|x86.ActiveCfg = Debug|Any CPU
		{82E626C5-01C4-4DF7-B419-7B4F67844731}.Debug|x86.Build.0 = Debug|Any CPU
		{82E626C5-01C4-4DF7-B419-7B4F67844731}.Release|Any CPU.ActiveCfg = Release|Any CPU
		{82E626C5-01C4-4DF7-B419-7B4F67844731}.Release|Any CPU.Build.0 = Release|Any CPU
		{82E626C5-01C4-4DF7-B419-7B4F67844731}.Release|x64.ActiveCfg = Release|Any CPU
		{82E626C5-01C4-4DF7-B419-7B4F67844731}.Release|x64.Build.0 = Release|Any CPU
		{82E626C5-01C4-4DF7-B419-7B4F67844731}.Release|x86.ActiveCfg = Release|Any CPU
		{82E626C5-01C4-4DF7-B419-7B4F67844731}.Release|x86.Build.0 = Release|Any CPU
		{C6059862-5247-4C2B-A7EA-78AD05B68EAF}.Debug|Any CPU.ActiveCfg = Debug|Any CPU
		{C6059862-5247-4C2B-A7EA-78AD05B68EAF}.Debug|Any CPU.Build.0 = Debug|Any CPU
		{C6059862-5247-4C2B-A7EA-78AD05B68EAF}.Debug|x64.ActiveCfg = Debug|Any CPU
		{C6059862-5247-4C2B-A7EA-78AD05B68EAF}.Debug|x64.Build.0 = Debug|Any CPU
		{C6059862-5247-4C2B-A7EA-78AD05B68EAF}.Debug|x86.ActiveCfg = Debug|Any CPU
		{C6059862-5247-4C2B-A7EA-78AD05B68EAF}.Debug|x86.Build.0 = Debug|Any CPU
		{C6059862-5247-4C2B-A7EA-78AD05B68EAF}.Release|Any CPU.ActiveCfg = Release|Any CPU
		{C6059862-5247-4C2B-A7EA-78AD05B68EAF}.Release|Any CPU.Build.0 = Release|Any CPU
		{C6059862-5247-4C2B-A7EA-78AD05B68EAF}.Release|x64.ActiveCfg = Release|Any CPU
		{C6059862-5247-4C2B-A7EA-78AD05B68EAF}.Release|x64.Build.0 = Release|Any CPU
		{C6059862-5247-4C2B-A7EA-78AD05B68EAF}.Release|x86.ActiveCfg = Release|Any CPU
		{C6059862-5247-4C2B-A7EA-78AD05B68EAF}.Release|x86.Build.0 = Release|Any CPU
		{CB7D5828-EE6A-48F3-8518-87FE19380EE8}.Debug|Any CPU.ActiveCfg = Debug|Any CPU
		{CB7D5828-EE6A-48F3-8518-87FE19380EE8}.Debug|Any CPU.Build.0 = Debug|Any CPU
		{CB7D5828-EE6A-48F3-8518-87FE19380EE8}.Debug|x64.ActiveCfg = Debug|Any CPU
		{CB7D5828-EE6A-48F3-8518-87FE19380EE8}.Debug|x64.Build.0 = Debug|Any CPU
		{CB7D5828-EE6A-48F3-8518-87FE19380EE8}.Debug|x86.ActiveCfg = Debug|Any CPU
		{CB7D5828-EE6A-48F3-8518-87FE19380EE8}.Debug|x86.Build.0 = Debug|Any CPU
		{CB7D5828-EE6A-48F3-8518-87FE19380EE8}.Release|Any CPU.ActiveCfg = Release|Any CPU
		{CB7D5828-EE6A-48F3-8518-87FE19380EE8}.Release|Any CPU.Build.0 = Release|Any CPU
		{CB7D5828-EE6A-48F3-8518-87FE19380EE8}.Release|x64.ActiveCfg = Release|Any CPU
		{CB7D5828-EE6A-48F3-8518-87FE19380EE8}.Release|x64.Build.0 = Release|Any CPU
		{CB7D5828-EE6A-48F3-8518-87FE19380EE8}.Release|x86.ActiveCfg = Release|Any CPU
		{CB7D5828-EE6A-48F3-8518-87FE19380EE8}.Release|x86.Build.0 = Release|Any CPU
		{850EE0BD-0B38-4B00-BE57-CFD8BBF0C03E}.Debug|Any CPU.ActiveCfg = Debug|Any CPU
		{850EE0BD-0B38-4B00-BE57-CFD8BBF0C03E}.Debug|Any CPU.Build.0 = Debug|Any CPU
		{850EE0BD-0B38-4B00-BE57-CFD8BBF0C03E}.Debug|x64.ActiveCfg = Debug|Any CPU
		{850EE0BD-0B38-4B00-BE57-CFD8BBF0C03E}.Debug|x64.Build.0 = Debug|Any CPU
		{850EE0BD-0B38-4B00-BE57-CFD8BBF0C03E}.Debug|x86.ActiveCfg = Debug|Any CPU
		{850EE0BD-0B38-4B00-BE57-CFD8BBF0C03E}.Debug|x86.Build.0 = Debug|Any CPU
		{850EE0BD-0B38-4B00-BE57-CFD8BBF0C03E}.Release|Any CPU.ActiveCfg = Release|Any CPU
		{850EE0BD-0B38-4B00-BE57-CFD8BBF0C03E}.Release|Any CPU.Build.0 = Release|Any CPU
		{850EE0BD-0B38-4B00-BE57-CFD8BBF0C03E}.Release|x64.ActiveCfg = Release|Any CPU
		{850EE0BD-0B38-4B00-BE57-CFD8BBF0C03E}.Release|x64.Build.0 = Release|Any CPU
		{850EE0BD-0B38-4B00-BE57-CFD8BBF0C03E}.Release|x86.ActiveCfg = Release|Any CPU
		{850EE0BD-0B38-4B00-BE57-CFD8BBF0C03E}.Release|x86.Build.0 = Release|Any CPU
		{A5BE61CA-F32C-48E3-8919-E3D010D8C502}.Debug|Any CPU.ActiveCfg = Debug|Any CPU
		{A5BE61CA-F32C-48E3-8919-E3D010D8C502}.Debug|Any CPU.Build.0 = Debug|Any CPU
		{A5BE61CA-F32C-48E3-8919-E3D010D8C502}.Debug|x64.ActiveCfg = Debug|Any CPU
		{A5BE61CA-F32C-48E3-8919-E3D010D8C502}.Debug|x64.Build.0 = Debug|Any CPU
		{A5BE61CA-F32C-48E3-8919-E3D010D8C502}.Debug|x86.ActiveCfg = Debug|Any CPU
		{A5BE61CA-F32C-48E3-8919-E3D010D8C502}.Debug|x86.Build.0 = Debug|Any CPU
		{A5BE61CA-F32C-48E3-8919-E3D010D8C502}.Release|Any CPU.ActiveCfg = Release|Any CPU
		{A5BE61CA-F32C-48E3-8919-E3D010D8C502}.Release|Any CPU.Build.0 = Release|Any CPU
		{A5BE61CA-F32C-48E3-8919-E3D010D8C502}.Release|x64.ActiveCfg = Release|Any CPU
		{A5BE61CA-F32C-48E3-8919-E3D010D8C502}.Release|x64.Build.0 = Release|Any CPU
		{A5BE61CA-F32C-48E3-8919-E3D010D8C502}.Release|x86.ActiveCfg = Release|Any CPU
		{A5BE61CA-F32C-48E3-8919-E3D010D8C502}.Release|x86.Build.0 = Release|Any CPU
		{CB9112B9-FC0B-49DB-A23A-9DD216D0C300}.Debug|Any CPU.ActiveCfg = Debug|Any CPU
		{CB9112B9-FC0B-49DB-A23A-9DD216D0C300}.Debug|Any CPU.Build.0 = Debug|Any CPU
		{CB9112B9-FC0B-49DB-A23A-9DD216D0C300}.Debug|x64.ActiveCfg = Debug|Any CPU
		{CB9112B9-FC0B-49DB-A23A-9DD216D0C300}.Debug|x64.Build.0 = Debug|Any CPU
		{CB9112B9-FC0B-49DB-A23A-9DD216D0C300}.Debug|x86.ActiveCfg = Debug|Any CPU
		{CB9112B9-FC0B-49DB-A23A-9DD216D0C300}.Debug|x86.Build.0 = Debug|Any CPU
		{CB9112B9-FC0B-49DB-A23A-9DD216D0C300}.Release|Any CPU.ActiveCfg = Release|Any CPU
		{CB9112B9-FC0B-49DB-A23A-9DD216D0C300}.Release|Any CPU.Build.0 = Release|Any CPU
		{CB9112B9-FC0B-49DB-A23A-9DD216D0C300}.Release|x64.ActiveCfg = Release|Any CPU
		{CB9112B9-FC0B-49DB-A23A-9DD216D0C300}.Release|x64.Build.0 = Release|Any CPU
		{CB9112B9-FC0B-49DB-A23A-9DD216D0C300}.Release|x86.ActiveCfg = Release|Any CPU
		{CB9112B9-FC0B-49DB-A23A-9DD216D0C300}.Release|x86.Build.0 = Release|Any CPU
		{12A4EE06-0B48-416B-A5E5-75F978D1B162}.Debug|Any CPU.ActiveCfg = Debug|Any CPU
		{12A4EE06-0B48-416B-A5E5-75F978D1B162}.Debug|Any CPU.Build.0 = Debug|Any CPU
		{12A4EE06-0B48-416B-A5E5-75F978D1B162}.Debug|x64.ActiveCfg = Debug|Any CPU
		{12A4EE06-0B48-416B-A5E5-75F978D1B162}.Debug|x64.Build.0 = Debug|Any CPU
		{12A4EE06-0B48-416B-A5E5-75F978D1B162}.Debug|x86.ActiveCfg = Debug|Any CPU
		{12A4EE06-0B48-416B-A5E5-75F978D1B162}.Debug|x86.Build.0 = Debug|Any CPU
		{12A4EE06-0B48-416B-A5E5-75F978D1B162}.Release|Any CPU.ActiveCfg = Release|Any CPU
		{12A4EE06-0B48-416B-A5E5-75F978D1B162}.Release|Any CPU.Build.0 = Release|Any CPU
		{12A4EE06-0B48-416B-A5E5-75F978D1B162}.Release|x64.ActiveCfg = Release|Any CPU
		{12A4EE06-0B48-416B-A5E5-75F978D1B162}.Release|x64.Build.0 = Release|Any CPU
		{12A4EE06-0B48-416B-A5E5-75F978D1B162}.Release|x86.ActiveCfg = Release|Any CPU
		{12A4EE06-0B48-416B-A5E5-75F978D1B162}.Release|x86.Build.0 = Release|Any CPU
		{D4DC748F-5228-4A38-9D92-A7A93FD58A13}.Debug|Any CPU.ActiveCfg = Debug|Any CPU
		{D4DC748F-5228-4A38-9D92-A7A93FD58A13}.Debug|Any CPU.Build.0 = Debug|Any CPU
		{D4DC748F-5228-4A38-9D92-A7A93FD58A13}.Debug|x64.ActiveCfg = Debug|Any CPU
		{D4DC748F-5228-4A38-9D92-A7A93FD58A13}.Debug|x64.Build.0 = Debug|Any CPU
		{D4DC748F-5228-4A38-9D92-A7A93FD58A13}.Debug|x86.ActiveCfg = Debug|Any CPU
		{D4DC748F-5228-4A38-9D92-A7A93FD58A13}.Debug|x86.Build.0 = Debug|Any CPU
		{D4DC748F-5228-4A38-9D92-A7A93FD58A13}.Release|Any CPU.ActiveCfg = Release|Any CPU
		{D4DC748F-5228-4A38-9D92-A7A93FD58A13}.Release|Any CPU.Build.0 = Release|Any CPU
		{D4DC748F-5228-4A38-9D92-A7A93FD58A13}.Release|x64.ActiveCfg = Release|Any CPU
		{D4DC748F-5228-4A38-9D92-A7A93FD58A13}.Release|x64.Build.0 = Release|Any CPU
		{D4DC748F-5228-4A38-9D92-A7A93FD58A13}.Release|x86.ActiveCfg = Release|Any CPU
		{D4DC748F-5228-4A38-9D92-A7A93FD58A13}.Release|x86.Build.0 = Release|Any CPU
		{F81849B4-0385-4AD6-ACD7-82771FBC843E}.Debug|Any CPU.ActiveCfg = Debug|Any CPU
		{F81849B4-0385-4AD6-ACD7-82771FBC843E}.Debug|Any CPU.Build.0 = Debug|Any CPU
		{F81849B4-0385-4AD6-ACD7-82771FBC843E}.Debug|x64.ActiveCfg = Debug|Any CPU
		{F81849B4-0385-4AD6-ACD7-82771FBC843E}.Debug|x64.Build.0 = Debug|Any CPU
		{F81849B4-0385-4AD6-ACD7-82771FBC843E}.Debug|x86.ActiveCfg = Debug|Any CPU
		{F81849B4-0385-4AD6-ACD7-82771FBC843E}.Debug|x86.Build.0 = Debug|Any CPU
		{F81849B4-0385-4AD6-ACD7-82771FBC843E}.Release|Any CPU.ActiveCfg = Release|Any CPU
		{F81849B4-0385-4AD6-ACD7-82771FBC843E}.Release|Any CPU.Build.0 = Release|Any CPU
		{F81849B4-0385-4AD6-ACD7-82771FBC843E}.Release|x64.ActiveCfg = Release|Any CPU
		{F81849B4-0385-4AD6-ACD7-82771FBC843E}.Release|x64.Build.0 = Release|Any CPU
		{F81849B4-0385-4AD6-ACD7-82771FBC843E}.Release|x86.ActiveCfg = Release|Any CPU
		{F81849B4-0385-4AD6-ACD7-82771FBC843E}.Release|x86.Build.0 = Release|Any CPU
		{157B8945-CF60-4622-8000-0A8111E6DB84}.Debug|Any CPU.ActiveCfg = Debug|Any CPU
		{157B8945-CF60-4622-8000-0A8111E6DB84}.Debug|Any CPU.Build.0 = Debug|Any CPU
		{157B8945-CF60-4622-8000-0A8111E6DB84}.Debug|x64.ActiveCfg = Debug|Any CPU
		{157B8945-CF60-4622-8000-0A8111E6DB84}.Debug|x64.Build.0 = Debug|Any CPU
		{157B8945-CF60-4622-8000-0A8111E6DB84}.Debug|x86.ActiveCfg = Debug|Any CPU
		{157B8945-CF60-4622-8000-0A8111E6DB84}.Debug|x86.Build.0 = Debug|Any CPU
		{157B8945-CF60-4622-8000-0A8111E6DB84}.Release|Any CPU.ActiveCfg = Release|Any CPU
		{157B8945-CF60-4622-8000-0A8111E6DB84}.Release|Any CPU.Build.0 = Release|Any CPU
		{157B8945-CF60-4622-8000-0A8111E6DB84}.Release|x64.ActiveCfg = Release|Any CPU
		{157B8945-CF60-4622-8000-0A8111E6DB84}.Release|x64.Build.0 = Release|Any CPU
		{157B8945-CF60-4622-8000-0A8111E6DB84}.Release|x86.ActiveCfg = Release|Any CPU
		{157B8945-CF60-4622-8000-0A8111E6DB84}.Release|x86.Build.0 = Release|Any CPU
		{DF19B5C4-6901-40DB-B8E2-66AB614C92D6}.Debug|Any CPU.ActiveCfg = Debug|Any CPU
		{DF19B5C4-6901-40DB-B8E2-66AB614C92D6}.Debug|Any CPU.Build.0 = Debug|Any CPU
		{DF19B5C4-6901-40DB-B8E2-66AB614C92D6}.Debug|x64.ActiveCfg = Debug|Any CPU
		{DF19B5C4-6901-40DB-B8E2-66AB614C92D6}.Debug|x64.Build.0 = Debug|Any CPU
		{DF19B5C4-6901-40DB-B8E2-66AB614C92D6}.Debug|x86.ActiveCfg = Debug|Any CPU
		{DF19B5C4-6901-40DB-B8E2-66AB614C92D6}.Debug|x86.Build.0 = Debug|Any CPU
		{DF19B5C4-6901-40DB-B8E2-66AB614C92D6}.Release|Any CPU.ActiveCfg = Release|Any CPU
		{DF19B5C4-6901-40DB-B8E2-66AB614C92D6}.Release|Any CPU.Build.0 = Release|Any CPU
		{DF19B5C4-6901-40DB-B8E2-66AB614C92D6}.Release|x64.ActiveCfg = Release|Any CPU
		{DF19B5C4-6901-40DB-B8E2-66AB614C92D6}.Release|x64.Build.0 = Release|Any CPU
		{DF19B5C4-6901-40DB-B8E2-66AB614C92D6}.Release|x86.ActiveCfg = Release|Any CPU
		{DF19B5C4-6901-40DB-B8E2-66AB614C92D6}.Release|x86.Build.0 = Release|Any CPU
		{F4EA3343-94FD-4AAA-9FD2-9EDFDBCBEA82}.Debug|Any CPU.ActiveCfg = Debug|Any CPU
		{F4EA3343-94FD-4AAA-9FD2-9EDFDBCBEA82}.Debug|Any CPU.Build.0 = Debug|Any CPU
		{F4EA3343-94FD-4AAA-9FD2-9EDFDBCBEA82}.Debug|x64.ActiveCfg = Debug|Any CPU
		{F4EA3343-94FD-4AAA-9FD2-9EDFDBCBEA82}.Debug|x64.Build.0 = Debug|Any CPU
		{F4EA3343-94FD-4AAA-9FD2-9EDFDBCBEA82}.Debug|x86.ActiveCfg = Debug|Any CPU
		{F4EA3343-94FD-4AAA-9FD2-9EDFDBCBEA82}.Debug|x86.Build.0 = Debug|Any CPU
		{F4EA3343-94FD-4AAA-9FD2-9EDFDBCBEA82}.Release|Any CPU.ActiveCfg = Release|Any CPU
		{F4EA3343-94FD-4AAA-9FD2-9EDFDBCBEA82}.Release|Any CPU.Build.0 = Release|Any CPU
		{F4EA3343-94FD-4AAA-9FD2-9EDFDBCBEA82}.Release|x64.ActiveCfg = Release|Any CPU
		{F4EA3343-94FD-4AAA-9FD2-9EDFDBCBEA82}.Release|x64.Build.0 = Release|Any CPU
		{F4EA3343-94FD-4AAA-9FD2-9EDFDBCBEA82}.Release|x86.ActiveCfg = Release|Any CPU
		{F4EA3343-94FD-4AAA-9FD2-9EDFDBCBEA82}.Release|x86.Build.0 = Release|Any CPU
		{E70DB46A-48EB-4CC2-A8CA-FB5F5EE5E868}.Debug|Any CPU.ActiveCfg = Debug|Any CPU
		{E70DB46A-48EB-4CC2-A8CA-FB5F5EE5E868}.Debug|Any CPU.Build.0 = Debug|Any CPU
		{E70DB46A-48EB-4CC2-A8CA-FB5F5EE5E868}.Debug|x64.ActiveCfg = Debug|Any CPU
		{E70DB46A-48EB-4CC2-A8CA-FB5F5EE5E868}.Debug|x64.Build.0 = Debug|Any CPU
		{E70DB46A-48EB-4CC2-A8CA-FB5F5EE5E868}.Debug|x86.ActiveCfg = Debug|Any CPU
		{E70DB46A-48EB-4CC2-A8CA-FB5F5EE5E868}.Debug|x86.Build.0 = Debug|Any CPU
		{E70DB46A-48EB-4CC2-A8CA-FB5F5EE5E868}.Release|Any CPU.ActiveCfg = Release|Any CPU
		{E70DB46A-48EB-4CC2-A8CA-FB5F5EE5E868}.Release|Any CPU.Build.0 = Release|Any CPU
		{E70DB46A-48EB-4CC2-A8CA-FB5F5EE5E868}.Release|x64.ActiveCfg = Release|Any CPU
		{E70DB46A-48EB-4CC2-A8CA-FB5F5EE5E868}.Release|x64.Build.0 = Release|Any CPU
		{E70DB46A-48EB-4CC2-A8CA-FB5F5EE5E868}.Release|x86.ActiveCfg = Release|Any CPU
		{E70DB46A-48EB-4CC2-A8CA-FB5F5EE5E868}.Release|x86.Build.0 = Release|Any CPU
		{5556846A-5E82-4165-8606-3B18D7FB70B7}.Debug|Any CPU.ActiveCfg = Debug|Any CPU
		{5556846A-5E82-4165-8606-3B18D7FB70B7}.Debug|Any CPU.Build.0 = Debug|Any CPU
		{5556846A-5E82-4165-8606-3B18D7FB70B7}.Debug|x64.ActiveCfg = Debug|Any CPU
		{5556846A-5E82-4165-8606-3B18D7FB70B7}.Debug|x64.Build.0 = Debug|Any CPU
		{5556846A-5E82-4165-8606-3B18D7FB70B7}.Debug|x86.ActiveCfg = Debug|Any CPU
		{5556846A-5E82-4165-8606-3B18D7FB70B7}.Debug|x86.Build.0 = Debug|Any CPU
		{5556846A-5E82-4165-8606-3B18D7FB70B7}.Release|Any CPU.ActiveCfg = Release|Any CPU
		{5556846A-5E82-4165-8606-3B18D7FB70B7}.Release|Any CPU.Build.0 = Release|Any CPU
		{5556846A-5E82-4165-8606-3B18D7FB70B7}.Release|x64.ActiveCfg = Release|Any CPU
		{5556846A-5E82-4165-8606-3B18D7FB70B7}.Release|x64.Build.0 = Release|Any CPU
		{5556846A-5E82-4165-8606-3B18D7FB70B7}.Release|x86.ActiveCfg = Release|Any CPU
		{5556846A-5E82-4165-8606-3B18D7FB70B7}.Release|x86.Build.0 = Release|Any CPU
		{76074EF7-8D70-4951-A89D-53BF55477CDF}.Debug|Any CPU.ActiveCfg = Debug|Any CPU
		{76074EF7-8D70-4951-A89D-53BF55477CDF}.Debug|Any CPU.Build.0 = Debug|Any CPU
		{76074EF7-8D70-4951-A89D-53BF55477CDF}.Debug|x64.ActiveCfg = Debug|Any CPU
		{76074EF7-8D70-4951-A89D-53BF55477CDF}.Debug|x64.Build.0 = Debug|Any CPU
		{76074EF7-8D70-4951-A89D-53BF55477CDF}.Debug|x86.ActiveCfg = Debug|Any CPU
		{76074EF7-8D70-4951-A89D-53BF55477CDF}.Debug|x86.Build.0 = Debug|Any CPU
		{76074EF7-8D70-4951-A89D-53BF55477CDF}.Release|Any CPU.ActiveCfg = Release|Any CPU
		{76074EF7-8D70-4951-A89D-53BF55477CDF}.Release|Any CPU.Build.0 = Release|Any CPU
		{76074EF7-8D70-4951-A89D-53BF55477CDF}.Release|x64.ActiveCfg = Release|Any CPU
		{76074EF7-8D70-4951-A89D-53BF55477CDF}.Release|x64.Build.0 = Release|Any CPU
		{76074EF7-8D70-4951-A89D-53BF55477CDF}.Release|x86.ActiveCfg = Release|Any CPU
		{76074EF7-8D70-4951-A89D-53BF55477CDF}.Release|x86.Build.0 = Release|Any CPU
		{7C941E58-6A66-4748-B269-7E2116F0FB73}.Debug|Any CPU.ActiveCfg = Debug|Any CPU
		{7C941E58-6A66-4748-B269-7E2116F0FB73}.Debug|Any CPU.Build.0 = Debug|Any CPU
		{7C941E58-6A66-4748-B269-7E2116F0FB73}.Debug|x64.ActiveCfg = Debug|Any CPU
		{7C941E58-6A66-4748-B269-7E2116F0FB73}.Debug|x64.Build.0 = Debug|Any CPU
		{7C941E58-6A66-4748-B269-7E2116F0FB73}.Debug|x86.ActiveCfg = Debug|Any CPU
		{7C941E58-6A66-4748-B269-7E2116F0FB73}.Debug|x86.Build.0 = Debug|Any CPU
		{7C941E58-6A66-4748-B269-7E2116F0FB73}.Release|Any CPU.ActiveCfg = Release|Any CPU
		{7C941E58-6A66-4748-B269-7E2116F0FB73}.Release|Any CPU.Build.0 = Release|Any CPU
		{7C941E58-6A66-4748-B269-7E2116F0FB73}.Release|x64.ActiveCfg = Release|Any CPU
		{7C941E58-6A66-4748-B269-7E2116F0FB73}.Release|x64.Build.0 = Release|Any CPU
		{7C941E58-6A66-4748-B269-7E2116F0FB73}.Release|x86.ActiveCfg = Release|Any CPU
		{7C941E58-6A66-4748-B269-7E2116F0FB73}.Release|x86.Build.0 = Release|Any CPU
		{FC341354-C10B-4CBF-B7EB-F7075A8BEDEB}.Debug|Any CPU.ActiveCfg = Debug|Any CPU
		{FC341354-C10B-4CBF-B7EB-F7075A8BEDEB}.Debug|Any CPU.Build.0 = Debug|Any CPU
		{FC341354-C10B-4CBF-B7EB-F7075A8BEDEB}.Debug|x64.ActiveCfg = Debug|Any CPU
		{FC341354-C10B-4CBF-B7EB-F7075A8BEDEB}.Debug|x64.Build.0 = Debug|Any CPU
		{FC341354-C10B-4CBF-B7EB-F7075A8BEDEB}.Debug|x86.ActiveCfg = Debug|Any CPU
		{FC341354-C10B-4CBF-B7EB-F7075A8BEDEB}.Debug|x86.Build.0 = Debug|Any CPU
		{FC341354-C10B-4CBF-B7EB-F7075A8BEDEB}.Release|Any CPU.ActiveCfg = Release|Any CPU
		{FC341354-C10B-4CBF-B7EB-F7075A8BEDEB}.Release|Any CPU.Build.0 = Release|Any CPU
		{FC341354-C10B-4CBF-B7EB-F7075A8BEDEB}.Release|x64.ActiveCfg = Release|Any CPU
		{FC341354-C10B-4CBF-B7EB-F7075A8BEDEB}.Release|x64.Build.0 = Release|Any CPU
		{FC341354-C10B-4CBF-B7EB-F7075A8BEDEB}.Release|x86.ActiveCfg = Release|Any CPU
		{FC341354-C10B-4CBF-B7EB-F7075A8BEDEB}.Release|x86.Build.0 = Release|Any CPU
		{82E16B27-0174-499B-BFEB-169FE687EFA2}.Debug|Any CPU.ActiveCfg = Debug|Any CPU
		{82E16B27-0174-499B-BFEB-169FE687EFA2}.Debug|Any CPU.Build.0 = Debug|Any CPU
		{82E16B27-0174-499B-BFEB-169FE687EFA2}.Debug|x64.ActiveCfg = Debug|Any CPU
		{82E16B27-0174-499B-BFEB-169FE687EFA2}.Debug|x64.Build.0 = Debug|Any CPU
		{82E16B27-0174-499B-BFEB-169FE687EFA2}.Debug|x86.ActiveCfg = Debug|Any CPU
		{82E16B27-0174-499B-BFEB-169FE687EFA2}.Debug|x86.Build.0 = Debug|Any CPU
		{82E16B27-0174-499B-BFEB-169FE687EFA2}.Release|Any CPU.ActiveCfg = Release|Any CPU
		{82E16B27-0174-499B-BFEB-169FE687EFA2}.Release|Any CPU.Build.0 = Release|Any CPU
		{82E16B27-0174-499B-BFEB-169FE687EFA2}.Release|x64.ActiveCfg = Release|Any CPU
		{82E16B27-0174-499B-BFEB-169FE687EFA2}.Release|x64.Build.0 = Release|Any CPU
		{82E16B27-0174-499B-BFEB-169FE687EFA2}.Release|x86.ActiveCfg = Release|Any CPU
		{82E16B27-0174-499B-BFEB-169FE687EFA2}.Release|x86.Build.0 = Release|Any CPU
		{57E35752-C175-43A8-9A60-87DAA43A0090}.Debug|Any CPU.ActiveCfg = Debug|Any CPU
		{57E35752-C175-43A8-9A60-87DAA43A0090}.Debug|Any CPU.Build.0 = Debug|Any CPU
		{57E35752-C175-43A8-9A60-87DAA43A0090}.Debug|x64.ActiveCfg = Debug|Any CPU
		{57E35752-C175-43A8-9A60-87DAA43A0090}.Debug|x64.Build.0 = Debug|Any CPU
		{57E35752-C175-43A8-9A60-87DAA43A0090}.Debug|x86.ActiveCfg = Debug|Any CPU
		{57E35752-C175-43A8-9A60-87DAA43A0090}.Debug|x86.Build.0 = Debug|Any CPU
		{57E35752-C175-43A8-9A60-87DAA43A0090}.Release|Any CPU.ActiveCfg = Release|Any CPU
		{57E35752-C175-43A8-9A60-87DAA43A0090}.Release|Any CPU.Build.0 = Release|Any CPU
		{57E35752-C175-43A8-9A60-87DAA43A0090}.Release|x64.ActiveCfg = Release|Any CPU
		{57E35752-C175-43A8-9A60-87DAA43A0090}.Release|x64.Build.0 = Release|Any CPU
		{57E35752-C175-43A8-9A60-87DAA43A0090}.Release|x86.ActiveCfg = Release|Any CPU
		{57E35752-C175-43A8-9A60-87DAA43A0090}.Release|x86.Build.0 = Release|Any CPU
		{DEF1C3F9-A682-4788-9F72-72E2F9C67409}.Debug|Any CPU.ActiveCfg = Debug|Any CPU
		{DEF1C3F9-A682-4788-9F72-72E2F9C67409}.Debug|Any CPU.Build.0 = Debug|Any CPU
		{DEF1C3F9-A682-4788-9F72-72E2F9C67409}.Debug|x64.ActiveCfg = Debug|Any CPU
		{DEF1C3F9-A682-4788-9F72-72E2F9C67409}.Debug|x64.Build.0 = Debug|Any CPU
		{DEF1C3F9-A682-4788-9F72-72E2F9C67409}.Debug|x86.ActiveCfg = Debug|Any CPU
		{DEF1C3F9-A682-4788-9F72-72E2F9C67409}.Debug|x86.Build.0 = Debug|Any CPU
		{DEF1C3F9-A682-4788-9F72-72E2F9C67409}.Release|Any CPU.ActiveCfg = Release|Any CPU
		{DEF1C3F9-A682-4788-9F72-72E2F9C67409}.Release|Any CPU.Build.0 = Release|Any CPU
		{DEF1C3F9-A682-4788-9F72-72E2F9C67409}.Release|x64.ActiveCfg = Release|Any CPU
		{DEF1C3F9-A682-4788-9F72-72E2F9C67409}.Release|x64.Build.0 = Release|Any CPU
		{DEF1C3F9-A682-4788-9F72-72E2F9C67409}.Release|x86.ActiveCfg = Release|Any CPU
		{DEF1C3F9-A682-4788-9F72-72E2F9C67409}.Release|x86.Build.0 = Release|Any CPU
		{286DE5F9-F839-4D4E-9CFF-59745B1B8F9F}.Debug|Any CPU.ActiveCfg = Debug|Any CPU
		{286DE5F9-F839-4D4E-9CFF-59745B1B8F9F}.Debug|Any CPU.Build.0 = Debug|Any CPU
		{286DE5F9-F839-4D4E-9CFF-59745B1B8F9F}.Debug|x64.ActiveCfg = Debug|Any CPU
		{286DE5F9-F839-4D4E-9CFF-59745B1B8F9F}.Debug|x64.Build.0 = Debug|Any CPU
		{286DE5F9-F839-4D4E-9CFF-59745B1B8F9F}.Debug|x86.ActiveCfg = Debug|Any CPU
		{286DE5F9-F839-4D4E-9CFF-59745B1B8F9F}.Debug|x86.Build.0 = Debug|Any CPU
		{286DE5F9-F839-4D4E-9CFF-59745B1B8F9F}.Release|Any CPU.ActiveCfg = Release|Any CPU
		{286DE5F9-F839-4D4E-9CFF-59745B1B8F9F}.Release|Any CPU.Build.0 = Release|Any CPU
		{286DE5F9-F839-4D4E-9CFF-59745B1B8F9F}.Release|x64.ActiveCfg = Release|Any CPU
		{286DE5F9-F839-4D4E-9CFF-59745B1B8F9F}.Release|x64.Build.0 = Release|Any CPU
		{286DE5F9-F839-4D4E-9CFF-59745B1B8F9F}.Release|x86.ActiveCfg = Release|Any CPU
		{286DE5F9-F839-4D4E-9CFF-59745B1B8F9F}.Release|x86.Build.0 = Release|Any CPU
	EndGlobalSection
	GlobalSection(SolutionProperties) = preSolution
		HideSolutionNode = FALSE
	EndGlobalSection
EndGlobal
